
Microsoft Visual Studio Solution File, Format Version 12.00
# Visual Studio Version 16
VisualStudioVersion = 16.0.29613.14
MinimumVisualStudioVersion = 10.0.40219.1
Project("{FAE04EC0-301F-11D3-BF4B-00C04F79EFBC}") = "LeetCode_SerializeDeserializeBinaryTree", "LeetCode_SerializeDeserializeBinaryTree\LeetCode_SerializeDeserializeBinaryTree.csproj", "{9BADF757-8BAE-42E4-97A4-10F26FCCB271}"
EndProject
Global
	GlobalSection(SolutionConfigurationPlatforms) = preSolution
		Debug|Any CPU = Debug|Any CPU
		Release|Any CPU = Release|Any CPU
	EndGlobalSection
	GlobalSection(ProjectConfigurationPlatforms) = postSolution
		{9BADF757-8BAE-42E4-97A4-10F26FCCB271}.Debug|Any CPU.ActiveCfg = Debug|Any CPU
		{9BADF757-8BAE-42E4-97A4-10F26FCCB271}.Debug|Any CPU.Build.0 = Debug|Any CPU
		{9BADF757-8BAE-42E4-97A4-10F26FCCB271}.Release|Any CPU.ActiveCfg = Release|Any CPU
		{9BADF757-8BAE-42E4-97A4-10F26FCCB271}.Release|Any CPU.Build.0 = Release|Any CPU
	EndGlobalSection
	GlobalSection(SolutionProperties) = preSolution
		HideSolutionNode = FALSE
	EndGlobalSection
	GlobalSection(ExtensibilityGlobals) = postSolution
		SolutionGuid = {D08A0A2B-3C17-4C36-A36B-9291FEB03005}
	EndGlobalSection
EndGlobal
